github.com/davecgh/go-spew v1.1.0/go.mod h1:J7Y8YcW2NihsgmVo/mv3lAwl/skON4iLHjSsI+c5H38=
github.com/ebitengine/purego v0.8.2 h1:jPPGWs2sZ1UgOSgD2bClL0MJIqu58nOmIcBuXr62z1I=
github.com/ebitengine/purego v0.8.2/go.mod h1:iIjxzd6CiRiOG0UyXP+V1+jWqUXVjPKLAI0mRfJZTmQ=
github.com/gen2brain/raylib-go/raylib v0.0.0-20250109172833-6dbba4f81a9b h1:JJfspevP3YOXcSKVABizYOv++yMpTJIdPUtoDzF/RWw=
github.com/gen2brain/raylib-go/raylib v0.0.0-20250109172833-6dbba4f81a9b/go.mod h1:BaY76bZk7nw1/kVOSQObPY1v1iwVE1KHAGMfvI6oK1Q=
github.com/gvalkov/golang-evdev v0.0.0-20220815104727-7e27d6ce89b6 h1:K9b8efT9f1NkITNgNAm2A1LuoamhG4pAhXVjz5Sfa5Q=
github.com/gvalkov/golang-evdev v0.0.0-20220815104727-7e27d6ce89b6/go.mod h1:SAzVFKCRezozJTGavF3GX8MBUruETCqzivVLYiywouA=
github.com/kelindar/bitmap v1.4.1 h1:Ih0BWMYXkkZxPMU536DsQKRhdvqFl7tuNjImfLJWC6E=
github.com/kelindar/bitmap v1.4.1/go.mod h1:4QyD+TDbfgy8oYB9oC4JzqfudYCYIjhbSP7iLraP+28=
github.com/kelindar/column v0.4.1 h1:eonRwgTe3EEFdrBWSNnWyXYiy5/JgMzfNoH8AHkMpng=
github.com/kelindar/column v0.4.1/go.mod h1:sZbenXtC3tNtfTRc3uifH8Z5TOn4kvDXA0yAdmyjnjs=
github.com/kelindar/intmap v1.1.0 h1:S+YEDvw5FQus5UJDEG+xsLp8il3BTYqBMkkuVVZPMH8=
github.com/kelindar/intmap v1.1.0/go.mod h1:tDanawPWq1B0HC+X3W8Z6IKNrJqxjruy6CdyTlf6Nic=
github.com/kelindar/iostream v1.3.0 h1:Bz2qQabipZlF1XCk64bnxsGLete+iHtayGPeWVpbwbo=
github.com/kelindar/iostream v1.3.0/go.mod h1:MkjMuVb6zGdPQVdwLnFRO0xOTOdDvBWTztFmjRDQkXk=
github.com/kelindar/simd v1.1.2 h1:KduKb+M9cMY2HIH8S/cdJyD+5n5EGgq+Aeeleos55To=
github.com/kelindar/simd v1.1.2/go.mod h1:inq4DFudC7W8L5fhxoeZflLRNpWSs0GNx6MlWFvuvr0=
github.com/kelindar/smutex v1.0.0 h1:+LIZYwPz+v3IWPOse764fNaVQGMVxKV6mbD6OWjQV3o=
github.com/kelindar/smutex v1.0.0/go.mod h1:nMbCZeAHWCsY9Kt4JqX7ETd+NJeR6Swy9im+Th+qUZQ=
github.com/klauspost/compress v1.16.6 h1:91SKEy4K37vkp255cJ8QesJhjyRO0hn9i9G0GoUwLsk=
github.com/klauspost/compress v1.16.6/go.mod h1:ntbaceVETuRiXiv4DpjP66DpAtAGkEQskQzEyD//IeE=
github.com/klauspost/cpuid/v2 v2.2.5 h1:0E5MSMDEoAulmXNFquVs//DdoomxaoTY1kUhbc/qbZg=
github.com/klauspost/cpuid/v2 v2.2.5/go.mod h1:Lcz8mBdAVJIBVzewtcLocK12l3Y+JytZYpaMropDUws=
github.com/pmezard/go-difflib v1.0.0/go.mod h1:iKH77koFhYxTK1pcRnkKkqfTogsbg7gZNVY4sRDYZ/4=
github.com/solarlune/resolv v0.8.1 h1:QkjnTJYB59EJmw+0+f52UbfE149ERU4FTCRICJTYz9k=
github.com/solarlune/resolv v0.8.1/go.mod h1:iqRbXy78XQ7aDXGZY3abI41Wr80Yv1DqnxzzPvGG6yE=
github.com/stretchr/objx v0.1.0/go.mod h1:HFkY916IF+rwdDfMAkV7OtwuqBVzrE8GR6GFx+wExME=
github.com/stretchr/testify v1.7.0/go.mod h1:6Fq8oRcR53rry900zMqJjRRixrwX3KX962/h/Wwjteg=
github.com/tidwall/btree v1.6.0 h1:LDZfKfQIBHGHWSwckhXI0RPSXzlo+KYdjK7FWSqOzzg=
github.com/tidwall/btree v1.6.0/go.mod h1:twD9XRA5jj9VUQGELzDO4HPQTNJsoWWfYEL+EUQ2cKY=
github.com/zeebo/xxh3 v1.0.2 h1:xZmwmqxHZA8AI603jOQ0tMqmBr9lPeFwGg6d+xy9DC0=
github.com/zeebo/xxh3 v1.0.2/go.mod h1:5NWz9Sef7zIDm2JHfFlcQvNekmcEl9ekUZQQKCYaDcA=
golang.org/x/exp v0.0.0-20250106191152-7588d65b2ba8 h1:yqrTHse8TCMW1M1ZCP+VAR/l0kKxwaAIqN/il7x4voA=
golang.org/x/exp v0.0.0-20250106191152-7588d65b2ba8/go.mod h1:tujkw807nyEEAamNbDrEGzRav+ilXA7PCRAd6xsmwiU=
golang.org/x/sys v0.5.0/go.mod h1:oPkhp1MJrh7nUepCBck5+mAzfO9JrbApNNgaTdGDITg=
golang.org/x/sys v0.29.0 h1:TPYlXGxvx1MGTn2GiZDhnjPA9wZzZeGKHHmKhHYvgaU=
golang.org/x/sys v0.29.0/go.mod h1:/VUhepiaJMQUp4+oa/7Zr1D23ma6VTLIYjOOTFZPUcA=
gopkg.in/check.v1 v0.0.0-20161208181325-20d25e280405/go.mod h1:Co6ibVJAznAaIkqp8huTwlJQCZ016jof/cbN4VW5Yz0=
gopkg.in/yaml.v3 v3.0.0-20200313102051-9f266ea9e77c/go.mod h1:K4uyk7z7BCEPqu6E+C64Yfv1cQ7kz7rIZviUmN+EgEM=
